Microsoft Visual Studio Solution File, Format Version 12.00
# Visual Studio Version 16
VisualStudioVersion = 16.0.28606.126
MinimumVisualStudioVersion = 10.0.40219.1
Project("{2150E333-8FDC-42A3-9474-1A3956D46DE8}") = "Solution Items", "Solution Items", "{680FAD59-1D2C-4583-9A3F-7C652EEF64B0}"
	ProjectSection(SolutionItems) = preProject
		.editorconfig = .editorconfig
		.gitignore = .gitignore
		.github\workflows\dotnet.yml = .github\workflows\dotnet.yml
		GitVersion.yml = GitVersion.yml
	EndProjectSection
EndProject
Project("{9A19103F-16F7-4668-BE54-9A1E7A4F7556}") = "Eto.SkiaDraw", "Eto.SkiaDraw\Eto.SkiaDraw.csproj", "{FE8974D4-F680-485A-93B9-C5E04EC5F530}"
EndProject
Project("{9A19103F-16F7-4668-BE54-9A1E7A4F7556}") = "Eto.SkiaDraw.Demo", "Eto.SkiaDraw.Demo\Eto.SkiaDraw.Demo.csproj", "{E14D5E75-9B27-4C6E-A210-25DA183E4402}"
EndProject
Global
	GlobalSection(SolutionConfigurationPlatforms) = preSolution
		Debug|Any CPU = Debug|Any CPU
		Release|Any CPU = Release|Any CPU
	EndGlobalSection
	GlobalSection(ProjectConfigurationPlatforms) = postSolution
		{FE8974D4-F680-485A-93B9-C5E04EC5F530}.Debug|Any CPU.ActiveCfg = Debug|Any CPU
		{FE8974D4-F680-485A-93B9-C5E04EC5F530}.Debug|Any CPU.Build.0 = Debug|Any CPU
		{FE8974D4-F680-485A-93B9-C5E04EC5F530}.Release|Any CPU.ActiveCfg = Release|Any CPU
		{FE8974D4-F680-485A-93B9-C5E04EC5F530}.Release|Any CPU.Build.0 = Release|Any CPU
		{E14D5E75-9B27-4C6E-A210-25DA183E4402}.Debug|Any CPU.ActiveCfg = Debug|Any CPU
		{E14D5E75-9B27-4C6E-A210-25DA183E4402}.Debug|Any CPU.Build.0 = Debug|Any CPU
		{E14D5E75-9B27-4C6E-A210-25DA183E4402}.Release|Any CPU.ActiveCfg = Release|Any CPU
		{E14D5E75-9B27-4C6E-A210-25DA183E4402}.Release|Any CPU.Build.0 = Release|Any CPU
	EndGlobalSection
	GlobalSection(SolutionProperties) = preSolution
		HideSolutionNode = FALSE
	EndGlobalSection
	GlobalSection(ExtensibilityGlobals) = postSolution
		SolutionGuid = {BCCD19D6-0567-4462-A494-5848BD95715F}
	EndGlobalSection
EndGlobal
